{
  "name": "navigator",
  "version": "1.0.0",
  "lockfileVersion": 1,
  "requires": true,
  "dependencies": {
    "@types/estree": {
      "version": "0.0.39",
      "resolved": "https://registry.npmjs.org/@types/estree/-/estree-0.0.39.tgz",
      "integrity": "sha512-EYNwp3bU+98cpU4lAWYYL7Zz+2gryWH1qbdDTidVd6hkiR6weksdbMadyXKXNPEkQFhXM+hVO9ZygomHXp+AIw==",
      "dev": true
    },
    "@types/node": {
      "version": "10.12.3",
      "resolved": "https://registry.npmjs.org/@types/node/-/node-10.12.3.tgz",
      "integrity": "sha512-sfGmOtSMSbQ/AKG8V9xD1gmjquC9awIIZ/Kj309pHb2n3bcRAcGMQv5nJ6gCXZVsneGE4+ve8DXKRCsrg3TFzg==",
      "dev": true
    },
    "rollup": {
      "version": "0.67.0",
      "resolved": "https://registry.npmjs.org/rollup/-/rollup-0.67.0.tgz",
      "integrity": "sha512-p34buXxArhwv9ieTdHvdhdo65Cbig68s/Z8llbZuiX5e+3zCqnBF02Ck9IH0tECrmvvrJVMws32Ry84hTnS1Tw==",
      "dev": true,
      "requires": {
        "@types/estree": "0.0.39",
        "@types/node": "10.12.3"
      }
    }
  }
}
